
Microsoft Visual Studio Solution File, Format Version 12.00
# Visual Studio Version 16
VisualStudioVersion = 16.0.33423.256
MinimumVisualStudioVersion = 10.0.40219.1
Project("{9A19103F-16F7-4668-BE54-9A1E7A4F7556}") = "Wombat.Core", "Wombat.Core\Wombat.Core.csproj", "{E14EB623-307C-4F56-9A1F-0C4D752B5419}"
EndProject
Project("{9A19103F-16F7-4668-BE54-9A1E7A4F7556}") = "Wombat_Test", "Wombat_Test\Wombat_Test.csproj", "{03AA41F7-EE8D-4213-96B2-DE9374A7F812}"
EndProject
Project("{9A19103F-16F7-4668-BE54-9A1E7A4F7556}") = "Wombat.Network", "Wombat.Network\Wombat.Network.csproj", "{A28FFBA1-FA83-4B43-A39E-88F867C32AAF}"
EndProject
Project("{2150E333-8FDC-42A3-9474-1A3956D46DE8}") = "Tests", "Tests", "{24F48D5F-A5F0-4D68-A27E-67FFDAE36E9A}"
EndProject
Project("{9A19103F-16F7-4668-BE54-9A1E7A4F7556}") = "Wombat.Socket.TestTcpSocketServer", "Tests\Wombat.Socket.TestTcpSocketServer\Wombat.Socket.TestTcpSocketServer.csproj", "{3BD082EF-9CF4-4130-A603-20250FDDF90D}"
EndProject
Project("{9A19103F-16F7-4668-BE54-9A1E7A4F7556}") = "Wombat.WebSockets.TestWebSocketServer", "Tests\Wombat.WebSockets.TestWebSocketServer\Wombat.WebSockets.TestWebSocketServer.csproj", "{47222D41-D767-40AD-936E-4464C8274A4F}"
EndProject
Project("{9A19103F-16F7-4668-BE54-9A1E7A4F7556}") = "Wombat.Socket.TestTcpSocketClient", "Tests\Wombat.Socket.TestTcpSocketClient\Wombat.Socket.TestTcpSocketClient.csproj", "{4186718C-9D41-4EC8-980B-66D62BC8F172}"
EndProject
Project("{9A19103F-16F7-4668-BE54-9A1E7A4F7556}") = "Wombat.WebSockets.TestWebSocketClient", "Tests\Wombat.WebSockets.TestWebSocketClient\Wombat.WebSockets.TestWebSocketClient.csproj", "{4E374FA0-0283-4C57-BFFF-B879D641BF98}"
EndProject
Project("{9A19103F-16F7-4668-BE54-9A1E7A4F7556}") = "Wombat.Core.DependencyInjectionTest", "Tests\Wombat.Core.DependencyInjectionTest\Wombat.Core.DependencyInjectionTest.csproj", "{3703C8D7-1071-4B49-A80D-61F90BC62343}"
EndProject
Project("{FAE04EC0-301F-11D3-BF4B-00C04F79EFBC}") = "WinFormsApp1", "Tests\WinFormsApp1\WinFormsApp1.csproj", "{170A2025-9A78-41B2-A57C-4489B1FE5964}"
EndProject
Global
	GlobalSection(SolutionConfigurationPlatforms) = preSolution
		Debug|Any CPU = Debug|Any CPU
		Release|Any CPU = Release|Any CPU
	EndGlobalSection
	GlobalSection(ProjectConfigurationPlatforms) = postSolution
		{E14EB623-307C-4F56-9A1F-0C4D752B5419}.Debug|Any CPU.ActiveCfg = Debug|Any CPU
		{E14EB623-307C-4F56-9A1F-0C4D752B5419}.Debug|Any CPU.Build.0 = Debug|Any CPU
		{E14EB623-307C-4F56-9A1F-0C4D752B5419}.Release|Any CPU.ActiveCfg = Release|Any CPU
		{E14EB623-307C-4F56-9A1F-0C4D752B5419}.Release|Any CPU.Build.0 = Release|Any CPU
		{03AA41F7-EE8D-4213-96B2-DE9374A7F812}.Debug|Any CPU.ActiveCfg = Debug|Any CPU
		{03AA41F7-EE8D-4213-96B2-DE9374A7F812}.Debug|Any CPU.Build.0 = Debug|Any CPU
		{03AA41F7-EE8D-4213-96B2-DE9374A7F812}.Release|Any CPU.ActiveCfg = Release|Any CPU
		{03AA41F7-EE8D-4213-96B2-DE9374A7F812}.Release|Any CPU.Build.0 = Release|Any CPU
		{A28FFBA1-FA83-4B43-A39E-88F867C32AAF}.Debug|Any CPU.ActiveCfg = Debug|Any CPU
		{A28FFBA1-FA83-4B43-A39E-88F867C32AAF}.Debug|Any CPU.Build.0 = Debug|Any CPU
		{A28FFBA1-FA83-4B43-A39E-88F867C32AAF}.Release|Any CPU.ActiveCfg = Release|Any CPU
		{A28FFBA1-FA83-4B43-A39E-88F867C32AAF}.Release|Any CPU.Build.0 = Release|Any CPU
		{3BD082EF-9CF4-4130-A603-20250FDDF90D}.Debug|Any CPU.ActiveCfg = Debug|Any CPU
		{3BD082EF-9CF4-4130-A603-20250FDDF90D}.Debug|Any CPU.Build.0 = Debug|Any CPU
		{3BD082EF-9CF4-4130-A603-20250FDDF90D}.Release|Any CPU.ActiveCfg = Release|Any CPU
		{3BD082EF-9CF4-4130-A603-20250FDDF90D}.Release|Any CPU.Build.0 = Release|Any CPU
		{47222D41-D767-40AD-936E-4464C8274A4F}.Debug|Any CPU.ActiveCfg = Debug|Any CPU
		{47222D41-D767-40AD-936E-4464C8274A4F}.Debug|Any CPU.Build.0 = Debug|Any CPU
		{47222D41-D767-40AD-936E-4464C8274A4F}.Release|Any CPU.ActiveCfg = Release|Any CPU
		{47222D41-D767-40AD-936E-4464C8274A4F}.Release|Any CPU.Build.0 = Release|Any CPU
		{4186718C-9D41-4EC8-980B-66D62BC8F172}.Debug|Any CPU.ActiveCfg = Debug|Any CPU
		{4186718C-9D41-4EC8-980B-66D62BC8F172}.Debug|Any CPU.Build.0 = Debug|Any CPU
		{4186718C-9D41-4EC8-980B-66D62BC8F172}.Release|Any CPU.ActiveCfg = Release|Any CPU
		{4186718C-9D41-4EC8-980B-66D62BC8F172}.Release|Any CPU.Build.0 = Release|Any CPU
		{4E374FA0-0283-4C57-BFFF-B879D641BF98}.Debug|Any CPU.ActiveCfg = Debug|Any CPU
		{4E374FA0-0283-4C57-BFFF-B879D641BF98}.Debug|Any CPU.Build.0 = Debug|Any CPU
		{4E374FA0-0283-4C57-BFFF-B879D641BF98}.Release|Any CPU.ActiveCfg = Release|Any CPU
		{4E374FA0-0283-4C57-BFFF-B879D641BF98}.Release|Any CPU.Build.0 = Release|Any CPU
		{3703C8D7-1071-4B49-A80D-61F90BC62343}.Debug|Any CPU.ActiveCfg = Debug|Any CPU
		{3703C8D7-1071-4B49-A80D-61F90BC62343}.Debug|Any CPU.Build.0 = Debug|Any CPU
		{3703C8D7-1071-4B49-A80D-61F90BC62343}.Release|Any CPU.ActiveCfg = Release|Any CPU
		{3703C8D7-1071-4B49-A80D-61F90BC62343}.Release|Any CPU.Build.0 = Release|Any CPU
		{170A2025-9A78-41B2-A57C-4489B1FE5964}.Debug|Any CPU.ActiveCfg = Debug|Any CPU
		{170A2025-9A78-41B2-A57C-4489B1FE5964}.Debug|Any CPU.Build.0 = Debug|Any CPU
		{170A2025-9A78-41B2-A57C-4489B1FE5964}.Release|Any CPU.ActiveCfg = Release|Any CPU
		{170A2025-9A78-41B2-A57C-4489B1FE5964}.Release|Any CPU.Build.0 = Release|Any CPU
	EndGlobalSection
	GlobalSection(SolutionProperties) = preSolution
		HideSolutionNode = FALSE
	EndGlobalSection
	GlobalSection(NestedProjects) = preSolution
		{3BD082EF-9CF4-4130-A603-20250FDDF90D} = {24F48D5F-A5F0-4D68-A27E-67FFDAE36E9A}
		{47222D41-D767-40AD-936E-4464C8274A4F} = {24F48D5F-A5F0-4D68-A27E-67FFDAE36E9A}
		{4186718C-9D41-4EC8-980B-66D62BC8F172} = {24F48D5F-A5F0-4D68-A27E-67FFDAE36E9A}
		{4E374FA0-0283-4C57-BFFF-B879D641BF98} = {24F48D5F-A5F0-4D68-A27E-67FFDAE36E9A}
		{3703C8D7-1071-4B49-A80D-61F90BC62343} = {24F48D5F-A5F0-4D68-A27E-67FFDAE36E9A}
		{170A2025-9A78-41B2-A57C-4489B1FE5964} = {24F48D5F-A5F0-4D68-A27E-67FFDAE36E9A}
	EndGlobalSection
	GlobalSection(ExtensibilityGlobals) = postSolution
		SolutionGuid = {3DBA95CD-10E5-4DDD-8D56-1C8EF6FA4D09}
	EndGlobalSection
EndGlobal
